{
  "nodes": {
    "devenv": {
      "locked": {
        "dir": "src/modules",
        "lastModified": 1719323427,
        "owner": "cachix",
        "repo": "devenv",
        "rev": "f810f8d8cb4e674d7e635107510bcbbabaa755a3",
        "treeHash": "165ad401b1788985cdaa07483f9ed110cc848958",
        "type": "github"
      },
      "original": {
        "dir": "src/modules",
        "owner": "cachix",
        "repo": "devenv",
        "type": "github"
      }
    },
    "fenix": {
      "inputs": {
        "nixpkgs": [
          "nixpkgs"
        ],
        "rust-analyzer-src": "rust-analyzer-src"
      },
      "locked": {
        "lastModified": 1719383337,
        "owner": "nix-community",
        "repo": "fenix",
        "rev": "773bb2f15cebb936259f460f6fcfdd90019692ab",
        "treeHash": "f10eaa8e6106d399b48e7a4fcc5ca177b52e3296",
        "type": "github"
      },
      "original": {
        "owner": "nix-community",
        "repo": "fenix",
        "type": "github"
      }
    },
    "flake-compat": {
      "flake": false,
      "locked": {
        "lastModified": 1696426674,
        "owner": "edolstra",
        "repo": "flake-compat",
        "rev": "0f9255e01c2351cc7d116c072cb317785dd33b33",
        "treeHash": "2addb7b71a20a25ea74feeaf5c2f6a6b30898ecb",
        "type": "github"
      },
      "original": {
        "owner": "edolstra",
        "repo": "flake-compat",
        "type": "github"
      }
    },
    "gitignore": {
      "inputs": {
        "nixpkgs": [
          "pre-commit-hooks",
          "nixpkgs"
        ]
      },
      "locked": {
        "lastModified": 1709087332,
        "owner": "hercules-ci",
        "repo": "gitignore.nix",
        "rev": "637db329424fd7e46cf4185293b9cc8c88c95394",
        "treeHash": "ca14199cabdfe1a06a7b1654c76ed49100a689f9",
        "type": "github"
      },
      "original": {
        "owner": "hercules-ci",
        "repo": "gitignore.nix",
        "type": "github"
      }
    },
    "nixpkgs": {
      "locked": {
        "lastModified": 1719317636,
        "owner": "NixOS",
        "repo": "nixpkgs",
        "rev": "9c513fc6fb75142f6aec6b7545cb8af2236b80f5",
        "treeHash": "b047456648b1ffc37e35e7fe493ef3dba13ed7e2",
        "type": "github"
      },
      "original": {
        "owner": "NixOS",
        "ref": "nixpkgs-unstable",
        "repo": "nixpkgs",
        "type": "github"
      }
    },
    "nixpkgs-stable": {
      "locked": {
        "lastModified": 1719234068,
        "owner": "NixOS",
        "repo": "nixpkgs",
        "rev": "90bd1b26e23760742fdcb6152369919098f05417",
        "treeHash": "c87db871f241e42f31db9fb9936b61cb60f127ae",
        "type": "github"
      },
      "original": {
        "owner": "NixOS",
        "ref": "nixos-23.11",
        "repo": "nixpkgs",
        "type": "github"
      }
    },
    "pre-commit-hooks": {
      "inputs": {
        "flake-compat": "flake-compat",
        "gitignore": "gitignore",
        "nixpkgs": [
          "nixpkgs"
        ],
        "nixpkgs-stable": "nixpkgs-stable"
      },
      "locked": {
        "lastModified": 1719259945,
        "owner": "cachix",
        "repo": "pre-commit-hooks.nix",
        "rev": "0ff4381bbb8f7a52ca4a851660fc7a437a4c6e07",
        "treeHash": "1a76ff89a9d4017b48abbb1bad8837b35d604ffc",
        "type": "github"
      },
      "original": {
        "owner": "cachix",
        "repo": "pre-commit-hooks.nix",
        "type": "github"
      }
    },
    "root": {
      "inputs": {
        "devenv": "devenv",
        "fenix": "fenix",
        "nixpkgs": "nixpkgs",
        "pre-commit-hooks": "pre-commit-hooks"
      }
    },
    "rust-analyzer-src": {
      "flake": false,
      "locked": {
        "lastModified": 1719378198,
        "owner": "rust-lang",
        "repo": "rust-analyzer",
        "rev": "b33a0cae335b85e11a700df2d9a7c0006a3b80ec",
        "treeHash": "84f62527e1dc8b2b1cffdfb0c1964669b0807b2a",
        "type": "github"
      },
      "original": {
        "owner": "rust-lang",
        "ref": "nightly",
        "repo": "rust-analyzer",
        "type": "github"
      }
    }
  },
  "root": "root",
  "version": 7
}
